
Microsoft Visual Studio Solution File, Format Version 12.00
# Visual Studio Version 16
VisualStudioVersion = 16.0.30907.101
MinimumVisualStudioVersion = 10.0.40219.1
Project("{8BC9CEB8-8B4A-11D0-8D11-00A0C91BC942}") = "11399_ATM", "11399_ATM\11399_ATM.vcxproj", "{ACDCF155-A421-410F-BA34-B1A3DEEDC4EF}"
EndProject
Global
	GlobalSection(SolutionConfigurationPlatforms) = preSolution
		Debug|x64 = Debug|x64
		Debug|x86 = Debug|x86
		Release|x64 = Release|x64
		Release|x86 = Release|x86
	EndGlobalSection
	GlobalSection(ProjectConfigurationPlatforms) = postSolution
		{ACDCF155-A421-410F-BA34-B1A3DEEDC4EF}.Debug|x64.ActiveCfg = Debug|x64
		{ACDCF155-A421-410F-BA34-B1A3DEEDC4EF}.Debug|x64.Build.0 = Debug|x64
		{ACDCF155-A421-410F-BA34-B1A3DEEDC4EF}.Debug|x86.ActiveCfg = Debug|Win32
		{ACDCF155-A421-410F-BA34-B1A3DEEDC4EF}.Debug|x86.Build.0 = Debug|Win32
		{ACDCF155-A421-410F-BA34-B1A3DEEDC4EF}.Release|x64.ActiveCfg = Release|x64
		{ACDCF155-A421-410F-BA34-B1A3DEEDC4EF}.Release|x64.Build.0 = Release|x64
		{ACDCF155-A421-410F-BA34-B1A3DEEDC4EF}.Release|x86.ActiveCfg = Release|Win32
		{ACDCF155-A421-410F-BA34-B1A3DEEDC4EF}.Release|x86.Build.0 = Release|Win32
	EndGlobalSection
	GlobalSection(SolutionProperties) = preSolution
		HideSolutionNode = FALSE
	EndGlobalSection
	GlobalSection(ExtensibilityGlobals) = postSolution
		SolutionGuid = {C08D2782-9CBC-4E33-A44A-24547D4B0DCC}
	EndGlobalSection
EndGlobal
