
Microsoft Visual Studio Solution File, Format Version 12.00
# Visual Studio Version 16
VisualStudioVersion = 16.0.30907.101
MinimumVisualStudioVersion = 10.0.40219.1
Project("{8BC9CEB8-8B4A-11D0-8D11-00A0C91BC942}") = "1712_Break-even point", "1712_Break-even point\1712_Break-even point.vcxproj", "{2ABC90DD-AE75-43F5-96B7-301A9B2091EC}"
EndProject
Global
	GlobalSection(SolutionConfigurationPlatforms) = preSolution
		Debug|x64 = Debug|x64
		Debug|x86 = Debug|x86
		Release|x64 = Release|x64
		Release|x86 = Release|x86
	EndGlobalSection
	GlobalSection(ProjectConfigurationPlatforms) = postSolution
		{2ABC90DD-AE75-43F5-96B7-301A9B2091EC}.Debug|x64.ActiveCfg = Debug|x64
		{2ABC90DD-AE75-43F5-96B7-301A9B2091EC}.Debug|x64.Build.0 = Debug|x64
		{2ABC90DD-AE75-43F5-96B7-301A9B2091EC}.Debug|x86.ActiveCfg = Debug|Win32
		{2ABC90DD-AE75-43F5-96B7-301A9B2091EC}.Debug|x86.Build.0 = Debug|Win32
		{2ABC90DD-AE75-43F5-96B7-301A9B2091EC}.Release|x64.ActiveCfg = Release|x64
		{2ABC90DD-AE75-43F5-96B7-301A9B2091EC}.Release|x64.Build.0 = Release|x64
		{2ABC90DD-AE75-43F5-96B7-301A9B2091EC}.Release|x86.ActiveCfg = Release|Win32
		{2ABC90DD-AE75-43F5-96B7-301A9B2091EC}.Release|x86.Build.0 = Release|Win32
	EndGlobalSection
	GlobalSection(SolutionProperties) = preSolution
		HideSolutionNode = FALSE
	EndGlobalSection
	GlobalSection(ExtensibilityGlobals) = postSolution
		SolutionGuid = {7002D697-F150-4509-9E0C-1C575AD0C23E}
	EndGlobalSection
EndGlobal
